
Microsoft Visual Studio Solution File, Format Version 12.00
# Visual Studio Version 16
VisualStudioVersion = 16.0.30011.22
MinimumVisualStudioVersion = 10.0.40219.1
Project("{FAE04EC0-301F-11D3-BF4B-00C04F79EFBC}") = "ExcelViewer", "ExcelViewer\ExcelViewer.csproj", "{029761CF-4610-49B1-B035-F0031C472502}"
EndProject
Global
	GlobalSection(SolutionConfigurationPlatforms) = preSolution
		Debug|Any CPU = Debug|Any CPU
		Release|Any CPU = Release|Any CPU
	EndGlobalSection
	GlobalSection(ProjectConfigurationPlatforms) = postSolution
		{029761CF-4610-49B1-B035-F0031C472502}.Debug|Any CPU.ActiveCfg = Debug|Any CPU
		{029761CF-4610-49B1-B035-F0031C472502}.Debug|Any CPU.Build.0 = Debug|Any CPU
		{029761CF-4610-49B1-B035-F0031C472502}.Release|Any CPU.ActiveCfg = Release|Any CPU
		{029761CF-4610-49B1-B035-F0031C472502}.Release|Any CPU.Build.0 = Release|Any CPU
	EndGlobalSection
	GlobalSection(SolutionProperties) = preSolution
		HideSolutionNode = FALSE
	EndGlobalSection
	GlobalSection(ExtensibilityGlobals) = postSolution
		SolutionGuid = {00A1F848-A1BD-4FE5-902C-5477EDD4A5A4}
	EndGlobalSection
EndGlobal
